# This file is autogenerated, do not edit; changes may be undone by the next 'dep ensure'.


[[projects]]
  name = "github.com/pborman/uuid"
  packages = ["."]
  revision = "e790cca94e6cc75c7064b1332e63811d4aae1a53"
  version = "v1.1"

[[projects]]
  branch = "master"
  name = "golang.org/x/crypto"
  packages = [
    "ed25519",
    "ed25519/internal/edwards25519",
    "pbkdf2",
    "scrypt",
    "sha3"
  ]
  revision = "d585fd2cc9195196078f516b69daff6744ef5e84"

[solve-meta]
  analyzer-name = "dep"
  analyzer-version = 1
  inputs-digest = "4193fff142c5e1cb4827505a42c420d1193d61227afc2f760a4e3bdbaacdfe42"
  solver-name = "gps-cdcl"
  solver-version = 1
