# This file is autogenerated, do not edit; changes may be undone by the next 'dep ensure'.


[[projects]]
  branch = "master"
  name = "github.com/ugorji/go"
  packages = ["codec"]
  revision = "acb6ae458c7e13d349a39dad54bc5fa9b52de34c"

[solve-meta]
  analyzer-name = "dep"
  analyzer-version = 1
  inputs-digest = "7bc480179b56cdd049b99d1eb95ad244506f62447ecba81aed65827faa935fc6"
  solver-name = "gps-cdcl"
  solver-version = 1
