# This file is autogenerated, do not edit; changes may be undone by the next 'dep ensure'.


[[projects]]
  name = "github.com/go-ini/ini"
  packages = ["."]
  revision = "32e4c1e6bc4e7d0d8451aa6b75200d19e37a536a"
  version = "v1.32.0"

[[projects]]
  name = "github.com/go-pg/migrations"
  packages = ["."]
  revision = "56f220c05c9e11f7ca5b06a232e43eda16ce2cde"
  version = "v6.1.0"

[[projects]]
  name = "github.com/go-pg/pg"
  packages = [".","internal","internal/parser","internal/pool","orm","types"]
  revision = "96126929904ac5ebfb94376fae6a71d116cb4d13"
  version = "v6.6.18"

[[projects]]
  branch = "master"
  name = "github.com/jinzhu/inflection"
  packages = ["."]
  revision = "1c35d901db3da928c72a72d8458480cc9ade058f"

[solve-meta]
  analyzer-name = "dep"
  analyzer-version = 1
  inputs-digest = "47e3128559051eeedd70abede4f019bfadd3613272dc0fed452e7bfcc924fc0d"
  solver-name = "gps-cdcl"
  solver-version = 1
